{
  "name": "consoleapp",
  "version": "1.0.0",
  "lockfileVersion": 2,
  "requires": true,
  "packages": {
    "": {
      "name": "consoleapp",
      "version": "1.0.0",
      "license": "ISC",
      "dependencies": {
        "npm-temperatures-tdd": "^1.0.0"
      }
    },
    "node_modules/npm-temperatures-tdd": {
      "version": "1.0.0",
      "resolved": "https://registry.npmjs.org/npm-temperatures-tdd/-/npm-temperatures-tdd-1.0.0.tgz",
      "integrity": "sha512-giFQwR3vPBmkvRjMra+1OnFg98jTX0IZLW2niHFQn0I/pce9PVvad29my4u2KbPl+PrRwrTL6m3VysumT4StQg=="
    }
  },
  "dependencies": {
    "npm-temperatures-tdd": {
      "version": "1.0.0",
      "resolved": "https://registry.npmjs.org/npm-temperatures-tdd/-/npm-temperatures-tdd-1.0.0.tgz",
      "integrity": "sha512-giFQwR3vPBmkvRjMra+1OnFg98jTX0IZLW2niHFQn0I/pce9PVvad29my4u2KbPl+PrRwrTL6m3VysumT4StQg=="
    }
  }
}
